
Microsoft Visual Studio Solution File, Format Version 12.00
# Visual Studio 15
VisualStudioVersion = 15.0.27130.2027
MinimumVisualStudioVersion = 10.0.40219.1
Project("{FAE04EC0-301F-11D3-BF4B-00C04F79EFBC}") = "TemplateNPOI", "TemplateNPOI\TemplateNPOI.csproj", "{5EB0A6DF-C262-4FB4-A9B2-4E30FE3D2B3E}"
EndProject
Global
	GlobalSection(SolutionConfigurationPlatforms) = preSolution
		Debug|Any CPU = Debug|Any CPU
		Release|Any CPU = Release|Any CPU
	EndGlobalSection
	GlobalSection(ProjectConfigurationPlatforms) = postSolution
		{5EB0A6DF-C262-4FB4-A9B2-4E30FE3D2B3E}.Debug|Any CPU.ActiveCfg = Debug|Any CPU
		{5EB0A6DF-C262-4FB4-A9B2-4E30FE3D2B3E}.Debug|Any CPU.Build.0 = Debug|Any CPU
		{5EB0A6DF-C262-4FB4-A9B2-4E30FE3D2B3E}.Release|Any CPU.ActiveCfg = Release|Any CPU
		{5EB0A6DF-C262-4FB4-A9B2-4E30FE3D2B3E}.Release|Any CPU.Build.0 = Release|Any CPU
	EndGlobalSection
	GlobalSection(SolutionProperties) = preSolution
		HideSolutionNode = FALSE
	EndGlobalSection
	GlobalSection(ExtensibilityGlobals) = postSolution
		SolutionGuid = {DDCCC9B0-E131-4FE5-AF21-4F6A2DF3F82D}
	EndGlobalSection
EndGlobal
